
Microsoft Visual Studio Solution File, Format Version 12.00
# Visual Studio Version 17
VisualStudioVersion = 17.10.35122.118
MinimumVisualStudioVersion = 10.0.40219.1
Project("{9A19103F-16F7-4668-BE54-9A1E7A4F7556}") = "SemesterProjekt1", "SemesterProjekt1.csproj", "{805E1003-2F2E-40DD-8BC2-3F468311BE99}"
EndProject
Project("{FAE04EC0-301F-11D3-BF4B-00C04F79EFBC}") = "TestProject1", "..\TestProject1\TestProject1.csproj", "{09B366DB-D3CF-496E-9B4C-83B783659B93}"
EndProject
Global
	GlobalSection(SolutionConfigurationPlatforms) = preSolution
		Debug|Any CPU = Debug|Any CPU
		Release|Any CPU = Release|Any CPU
	EndGlobalSection
	GlobalSection(ProjectConfigurationPlatforms) = postSolution
		{805E1003-2F2E-40DD-8BC2-3F468311BE99}.Debug|Any CPU.ActiveCfg = Debug|Any CPU
		{805E1003-2F2E-40DD-8BC2-3F468311BE99}.Debug|Any CPU.Build.0 = Debug|Any CPU
		{805E1003-2F2E-40DD-8BC2-3F468311BE99}.Release|Any CPU.ActiveCfg = Release|Any CPU
		{805E1003-2F2E-40DD-8BC2-3F468311BE99}.Release|Any CPU.Build.0 = Release|Any CPU
		{09B366DB-D3CF-496E-9B4C-83B783659B93}.Debug|Any CPU.ActiveCfg = Debug|Any CPU
		{09B366DB-D3CF-496E-9B4C-83B783659B93}.Debug|Any CPU.Build.0 = Debug|Any CPU
		{09B366DB-D3CF-496E-9B4C-83B783659B93}.Release|Any CPU.ActiveCfg = Release|Any CPU
		{09B366DB-D3CF-496E-9B4C-83B783659B93}.Release|Any CPU.Build.0 = Release|Any CPU
	EndGlobalSection
	GlobalSection(SolutionProperties) = preSolution
		HideSolutionNode = FALSE
	EndGlobalSection
	GlobalSection(ExtensibilityGlobals) = postSolution
		SolutionGuid = {5B62B088-40C1-4C9E-90FB-321343F0024E}
	EndGlobalSection
EndGlobal
